<?xml version="1.0" encoding="utf-8"?>
<Project ToolsVersion="4.0" xmlns="http://schemas.microsoft.com/developer/msbuild/2003">
  <ItemGroup>
    <Filter Include="Source Files">
      <UniqueIdentifier>{4FC737F1-C7A5-4376-A066-2A32D752A2FF}</UniqueIdentifier>
      <Extensions>cpp;c;cc;cxx;def;odl;idl;hpj;bat;asm;asmx</Extensions>
    </Filter>
    <Filter Include="Header Files">
      <UniqueIdentifier>{93995380-89BD-4b04-88EB-625FBE52EBFB}</UniqueIdentifier>
      <Extensions>h;hh;hpp;hxx;hm;inl;inc;xsd</Extensions>
    </Filter>
    <Filter Include="Resource Files">
      <UniqueIdentifier>{67DA6AB6-F800-4c08-8B7A-83BB121AAD01}</UniqueIdentifier>
      <Extensions>rc;ico;cur;bmp;dlg;rc2;rct;bin;rgs;gif;jpg;jpeg;jpe;resx;tiff;tif;png;wav;mfcribbon-ms</Extensions>
    </Filter>
    <Filter Include="Messages">
      <UniqueIdentifier>{1639a8b8-dabf-4165-8c95-8c94c5386cd8}</UniqueIdentifier>
    </Filter>
    <Filter Include="Cards">
      <UniqueIdentifier>{32f5f542-bf48-4813-b9a5-91d8bafecaad}</UniqueIdentifier>
    </Filter>
    <Filter Include="Activations">
      <UniqueIdentifier>{0724e175-e79c-44e5-b3f2-de077759abc3}</UniqueIdentifier>
    </Filter>
  </ItemGroup>
  <ItemGroup>
    <ClCompile Include="Main.cpp">
      <Filter>Source Files</Filter>
    </ClCompile>
    <ClCompile Include="Menu.cpp">
      <Filter>Source Files</Filter>
    </ClCompile>
    <ClCompile Include="Button.cpp">
      <Filter>Source Files</Filter>
    </ClCompile>
    <ClCompile Include="TextField.cpp">
      <Filter>Source Files</Filter>
    </ClCompile>
    <ClCompile Include="Message.cpp">
      <Filter>Messages</Filter>
    </ClCompile>
    <ClCompile Include="MsgLogin.cpp">
      <Filter>Messages</Filter>
    </ClCompile>
    <ClCompile Include="MsgResLogin.cpp">
      <Filter>Messages</Filter>
    </ClCompile>
    <ClCompile Include="MsgResRegister.cpp">
      <Filter>Messages</Filter>
    </ClCompile>
    <ClCompile Include="MsgRegister.cpp">
      <Filter>Messages</Filter>
    </ClCompile>
    <ClCompile Include="NetworkManager.cpp">
      <Filter>Source Files</Filter>
    </ClCompile>
    <ClCompile Include="MsgQueue.cpp">
      <Filter>Messages</Filter>
    </ClCompile>
    <ClCompile Include="MsgResQueue.cpp">
      <Filter>Messages</Filter>
    </ClCompile>
    <ClCompile Include="Pawn.cpp">
      <Filter>Source Files</Filter>
    </ClCompile>
    <ClCompile Include="Resources.cpp">
      <Filter>Source Files</Filter>
    </ClCompile>
    <ClCompile Include="Mage.cpp">
      <Filter>Source Files</Filter>
    </ClCompile>
    <ClCompile Include="Tile.cpp">
      <Filter>Source Files</Filter>
    </ClCompile>
    <ClCompile Include="Game.cpp">
      <Filter>Source Files</Filter>
    </ClCompile>
    <ClCompile Include="MsgPosition.cpp">
      <Filter>Messages</Filter>
    </ClCompile>
    <ClCompile Include="CardBullet.cpp">
      <Filter>Cards</Filter>
    </ClCompile>
    <ClCompile Include="CardLaser.cpp">
      <Filter>Cards</Filter>
    </ClCompile>
    <ClCompile Include="CardHeal.cpp">
      <Filter>Cards</Filter>
    </ClCompile>
    <ClCompile Include="CardInvis.cpp">
      <Filter>Cards</Filter>
    </ClCompile>
    <ClCompile Include="CardShockwave.cpp">
      <Filter>Cards</Filter>
    </ClCompile>
    <ClCompile Include="CardBomb.cpp">
      <Filter>Cards</Filter>
    </ClCompile>
    <ClCompile Include="CardSpears.cpp">
      <Filter>Cards</Filter>
    </ClCompile>
    <ClCompile Include="CardBubble.cpp">
      <Filter>Cards</Filter>
    </ClCompile>
    <ClCompile Include="CardSwipe.cpp">
      <Filter>Cards</Filter>
    </ClCompile>
    <ClCompile Include="CardAreaGrab.cpp">
      <Filter>Cards</Filter>
    </ClCompile>
    <ClCompile Include="HUD.cpp">
      <Filter>Source Files</Filter>
    </ClCompile>
    <ClCompile Include="Deck.cpp">
      <Filter>Source Files</Filter>
    </ClCompile>
    <ClCompile Include="MsgDraw.cpp">
      <Filter>Messages</Filter>
    </ClCompile>
    <ClCompile Include="CardFactory.cpp">
      <Filter>Source Files</Filter>
    </ClCompile>
    <ClCompile Include="Activation.cpp">
      <Filter>Activations</Filter>
    </ClCompile>
    <ClCompile Include="Card.cpp">
      <Filter>Cards</Filter>
    </ClCompile>
    <ClCompile Include="ActLaser.cpp">
      <Filter>Activations</Filter>
    </ClCompile>
    <ClCompile Include="MsgCard.cpp">
      <Filter>Messages</Filter>
    </ClCompile>
    <ClCompile Include="MsgHealth.cpp">
      <Filter>Messages</Filter>
    </ClCompile>
    <ClCompile Include="ActBomb.cpp">
      <Filter>Activations</Filter>
    </ClCompile>
    <ClCompile Include="ActInvis.cpp">
      <Filter>Activations</Filter>
    </ClCompile>
    <ClCompile Include="ActHeal.cpp">
      <Filter>Activations</Filter>
    </ClCompile>
    <ClCompile Include="MsgStatus.cpp">
      <Filter>Messages</Filter>
    </ClCompile>
    <ClCompile Include="ActAreaGrab.cpp">
      <Filter>Activations</Filter>
    </ClCompile>
    <ClCompile Include="MsgTile.cpp">
      <Filter>Messages</Filter>
    </ClCompile>
    <ClCompile Include="ActSwipe.cpp">
      <Filter>Activations</Filter>
    </ClCompile>
    <ClCompile Include="ActBubble.cpp">
      <Filter>Activations</Filter>
    </ClCompile>
    <ClCompile Include="Forest.cpp">
      <Filter>Source Files</Filter>
    </ClCompile>
  </ItemGroup>
  <ItemGroup>
    <ClInclude Include="Menu.h">
      <Filter>Header Files</Filter>
    </ClInclude>
    <ClInclude Include="Button.h">
      <Filter>Header Files</Filter>
    </ClInclude>
    <ClInclude Include="TextField.h">
      <Filter>Header Files</Filter>
    </ClInclude>
    <ClInclude Include="MsgLogin.h">
      <Filter>Messages</Filter>
    </ClInclude>
    <ClInclude Include="Message.h">
      <Filter>Messages</Filter>
    </ClInclude>
    <ClInclude Include="NetworkManager.h">
      <Filter>Header Files</Filter>
    </ClInclude>
    <ClInclude Include="MsgResLogin.h">
      <Filter>Messages</Filter>
    </ClInclude>
    <ClInclude Include="MsgResRegister.h">
      <Filter>Messages</Filter>
    </ClInclude>
    <ClInclude Include="MsgRegister.h">
      <Filter>Messages</Filter>
    </ClInclude>
    <ClInclude Include="PlayerData.h">
      <Filter>Header Files</Filter>
    </ClInclude>
    <ClInclude Include="Constants.h">
      <Filter>Header Files</Filter>
    </ClInclude>
    <ClInclude Include="MsgQueue.h">
      <Filter>Messages</Filter>
    </ClInclude>
    <ClInclude Include="MsgResQueue.h">
      <Filter>Messages</Filter>
    </ClInclude>
    <ClInclude Include="Game.h">
      <Filter>Header Files</Filter>
    </ClInclude>
    <ClInclude Include="Pawn.h">
      <Filter>Header Files</Filter>
    </ClInclude>
    <ClInclude Include="Resources.h">
      <Filter>Header Files</Filter>
    </ClInclude>
    <ClInclude Include="Mage.h">
      <Filter>Header Files</Filter>
    </ClInclude>
    <ClInclude Include="Tile.h">
      <Filter>Header Files</Filter>
    </ClInclude>
    <ClInclude Include="MsgPosition.h">
      <Filter>Messages</Filter>
    </ClInclude>
    <ClInclude Include="Deck.h">
      <Filter>Header Files</Filter>
    </ClInclude>
    <ClInclude Include="Card.h">
      <Filter>Cards</Filter>
    </ClInclude>
    <ClInclude Include="CardBullet.h">
      <Filter>Cards</Filter>
    </ClInclude>
    <ClInclude Include="CardLaser.h">
      <Filter>Cards</Filter>
    </ClInclude>
    <ClInclude Include="CardTemplate.h">
      <Filter>Cards</Filter>
    </ClInclude>
    <ClInclude Include="CardHeal.h">
      <Filter>Cards</Filter>
    </ClInclude>
    <ClInclude Include="CardInvis.h">
      <Filter>Cards</Filter>
    </ClInclude>
    <ClInclude Include="CardShockwave.h">
      <Filter>Cards</Filter>
    </ClInclude>
    <ClInclude Include="CardBomb.h">
      <Filter>Cards</Filter>
    </ClInclude>
    <ClInclude Include="CardSpears.h">
      <Filter>Cards</Filter>
    </ClInclude>
    <ClInclude Include="CardBubble.h">
      <Filter>Cards</Filter>
    </ClInclude>
    <ClInclude Include="CardSwipe.h">
      <Filter>Cards</Filter>
    </ClInclude>
    <ClInclude Include="CardAreaGrab.h">
      <Filter>Cards</Filter>
    </ClInclude>
    <ClInclude Include="HUD.h">
      <Filter>Header Files</Filter>
    </ClInclude>
    <ClInclude Include="MsgDraw.h">
      <Filter>Messages</Filter>
    </ClInclude>
    <ClInclude Include="CardFactory.h">
      <Filter>Header Files</Filter>
    </ClInclude>
    <ClInclude Include="Activation.h">
      <Filter>Activations</Filter>
    </ClInclude>
    <ClInclude Include="ActLaser.h">
      <Filter>Activations</Filter>
    </ClInclude>
    <ClInclude Include="MsgCard.h">
      <Filter>Messages</Filter>
    </ClInclude>
    <ClInclude Include="MsgHealth.h">
      <Filter>Messages</Filter>
    </ClInclude>
    <ClInclude Include="ActBomb.h">
      <Filter>Activations</Filter>
    </ClInclude>
    <ClInclude Include="ActInvis.h">
      <Filter>Activations</Filter>
    </ClInclude>
    <ClInclude Include="ActHeal.h">
      <Filter>Activations</Filter>
    </ClInclude>
    <ClInclude Include="MsgStatus.h">
      <Filter>Messages</Filter>
    </ClInclude>
    <ClInclude Include="ActAreaGrab.h">
      <Filter>Activations</Filter>
    </ClInclude>
    <ClInclude Include="MsgTile.h">
      <Filter>Messages</Filter>
    </ClInclude>
    <ClInclude Include="ActSwipe.h">
      <Filter>Activations</Filter>
    </ClInclude>
    <ClInclude Include="ActBubble.h">
      <Filter>Activations</Filter>
    </ClInclude>
    <ClInclude Include="Forest.h">
      <Filter>Header Files</Filter>
    </ClInclude>
  </ItemGroup>
</Project>