
Microsoft Visual Studio Solution File, Format Version 12.00
# Visual Studio Express 2013 for Windows Desktop
VisualStudioVersion = 12.0.31101.0
MinimumVisualStudioVersion = 10.0.40219.1
Project("{8BC9CEB8-8B4A-11D0-8D11-00A0C91BC942}") = "Engine", "Engine\Engine.vcxproj", "{E8E61552-1D55-4307-AB68-E6485A321210}"
EndProject
Project("{8BC9CEB8-8B4A-11D0-8D11-00A0C91BC942}") = "Island", "Island\Island.vcxproj", "{FC3375E6-93E0-4AEB-8C10-555D7DCCBBA0}"
	ProjectSection(ProjectDependencies) = postProject
		{E8E61552-1D55-4307-AB68-E6485A321210} = {E8E61552-1D55-4307-AB68-E6485A321210}
	EndProjectSection
EndProject
Project("{8BC9CEB8-8B4A-11D0-8D11-00A0C91BC942}") = "ShuffleMage", "ShuffleMage\ShuffleMage.vcxproj", "{4459DC67-FC4B-4AAC-A30C-4906A3CFEE3C}"
EndProject
Global
	GlobalSection(SolutionConfigurationPlatforms) = preSolution
		Debug|Win32 = Debug|Win32
		Release|Win32 = Release|Win32
	EndGlobalSection
	GlobalSection(ProjectConfigurationPlatforms) = postSolution
		{E8E61552-1D55-4307-AB68-E6485A321210}.Debug|Win32.ActiveCfg = Debug|Win32
		{E8E61552-1D55-4307-AB68-E6485A321210}.Debug|Win32.Build.0 = Debug|Win32
		{E8E61552-1D55-4307-AB68-E6485A321210}.Release|Win32.ActiveCfg = Release|Win32
		{E8E61552-1D55-4307-AB68-E6485A321210}.Release|Win32.Build.0 = Release|Win32
		{FC3375E6-93E0-4AEB-8C10-555D7DCCBBA0}.Debug|Win32.ActiveCfg = Debug|Win32
		{FC3375E6-93E0-4AEB-8C10-555D7DCCBBA0}.Debug|Win32.Build.0 = Debug|Win32
		{FC3375E6-93E0-4AEB-8C10-555D7DCCBBA0}.Release|Win32.ActiveCfg = Release|Win32
		{FC3375E6-93E0-4AEB-8C10-555D7DCCBBA0}.Release|Win32.Build.0 = Release|Win32
		{4459DC67-FC4B-4AAC-A30C-4906A3CFEE3C}.Debug|Win32.ActiveCfg = Debug|Win32
		{4459DC67-FC4B-4AAC-A30C-4906A3CFEE3C}.Debug|Win32.Build.0 = Debug|Win32
		{4459DC67-FC4B-4AAC-A30C-4906A3CFEE3C}.Release|Win32.ActiveCfg = Release|Win32
		{4459DC67-FC4B-4AAC-A30C-4906A3CFEE3C}.Release|Win32.Build.0 = Release|Win32
	EndGlobalSection
	GlobalSection(SolutionProperties) = preSolution
		HideSolutionNode = FALSE
	EndGlobalSection
EndGlobal
