<?xml version="1.0" encoding="utf-8"?>
<Project ToolsVersion="4.0" xmlns="http://schemas.microsoft.com/developer/msbuild/2003">
  <ItemGroup>
    <Filter Include="Source Files">
      <UniqueIdentifier>{4FC737F1-C7A5-4376-A066-2A32D752A2FF}</UniqueIdentifier>
      <Extensions>cpp;c;cc;cxx;def;odl;idl;hpj;bat;asm;asmx</Extensions>
    </Filter>
    <Filter Include="Header Files">
      <UniqueIdentifier>{93995380-89BD-4b04-88EB-625FBE52EBFB}</UniqueIdentifier>
      <Extensions>h;hh;hpp;hxx;hm;inl;inc;xsd</Extensions>
    </Filter>
    <Filter Include="Resource Files">
      <UniqueIdentifier>{67DA6AB6-F800-4c08-8B7A-83BB121AAD01}</UniqueIdentifier>
      <Extensions>rc;ico;cur;bmp;dlg;rc2;rct;bin;rgs;gif;jpg;jpeg;jpe;resx;tiff;tif;png;wav;mfcribbon-ms</Extensions>
    </Filter>
    <Filter Include="Messages">
      <UniqueIdentifier>{9e7f0b74-1dae-4820-a8d4-a4b4e81a67a0}</UniqueIdentifier>
    </Filter>
    <Filter Include="Client">
      <UniqueIdentifier>{6c122c33-e96d-44c2-895f-85f241be2290}</UniqueIdentifier>
    </Filter>
    <Filter Include="Cards">
      <UniqueIdentifier>{9c47373d-997c-47bb-9f4f-f5dbb29de8b0}</UniqueIdentifier>
    </Filter>
    <Filter Include="Activations">
      <UniqueIdentifier>{e6e6ea69-8ee7-428f-ae31-acf4c39104e7}</UniqueIdentifier>
    </Filter>
  </ItemGroup>
  <ItemGroup>
    <ClCompile Include="Main.cpp">
      <Filter>Source Files</Filter>
    </ClCompile>
    <ClCompile Include="Session.cpp">
      <Filter>Source Files</Filter>
    </ClCompile>
    <ClCompile Include="..\ShuffleMage\Message.cpp">
      <Filter>Messages</Filter>
    </ClCompile>
    <ClCompile Include="..\ShuffleMage\MsgLogin.cpp">
      <Filter>Messages</Filter>
    </ClCompile>
    <ClCompile Include="..\ShuffleMage\MsgResLogin.cpp">
      <Filter>Messages</Filter>
    </ClCompile>
    <ClCompile Include="..\ShuffleMage\MsgResRegister.cpp">
      <Filter>Messages</Filter>
    </ClCompile>
    <ClCompile Include="..\ShuffleMage\MsgRegister.cpp">
      <Filter>Messages</Filter>
    </ClCompile>
    <ClCompile Include="ServerGame.cpp">
      <Filter>Source Files</Filter>
    </ClCompile>
    <ClCompile Include="MatchQueue.cpp">
      <Filter>Source Files</Filter>
    </ClCompile>
    <ClCompile Include="..\ShuffleMage\MsgResQueue.cpp">
      <Filter>Messages</Filter>
    </ClCompile>
    <ClCompile Include="..\ShuffleMage\MsgQueue.cpp">
      <Filter>Messages</Filter>
    </ClCompile>
    <ClCompile Include="..\ShuffleMage\MsgPosition.cpp">
      <Filter>Messages</Filter>
    </ClCompile>
    <ClCompile Include="..\ShuffleMage\Mage.cpp">
      <Filter>Client</Filter>
    </ClCompile>
    <ClCompile Include="..\ShuffleMage\Pawn.cpp">
      <Filter>Client</Filter>
    </ClCompile>
    <ClCompile Include="..\ShuffleMage\Tile.cpp">
      <Filter>Client</Filter>
    </ClCompile>
    <ClCompile Include="..\ShuffleMage\Deck.cpp">
      <Filter>Source Files</Filter>
    </ClCompile>
    <ClCompile Include="..\ShuffleMage\MsgDraw.cpp">
      <Filter>Messages</Filter>
    </ClCompile>
    <ClCompile Include="..\ShuffleMage\MsgCard.cpp">
      <Filter>Messages</Filter>
    </ClCompile>
    <ClCompile Include="..\ShuffleMage\CardFactory.cpp">
      <Filter>Source Files</Filter>
    </ClCompile>
    <ClCompile Include="..\ShuffleMage\Card.cpp">
      <Filter>Cards</Filter>
    </ClCompile>
    <ClCompile Include="..\ShuffleMage\CardAreaGrab.cpp">
      <Filter>Cards</Filter>
    </ClCompile>
    <ClCompile Include="..\ShuffleMage\CardBomb.cpp">
      <Filter>Cards</Filter>
    </ClCompile>
    <ClCompile Include="..\ShuffleMage\CardBubble.cpp">
      <Filter>Cards</Filter>
    </ClCompile>
    <ClCompile Include="..\ShuffleMage\CardBullet.cpp">
      <Filter>Cards</Filter>
    </ClCompile>
    <ClCompile Include="..\ShuffleMage\CardHeal.cpp">
      <Filter>Cards</Filter>
    </ClCompile>
    <ClCompile Include="..\ShuffleMage\CardInvis.cpp">
      <Filter>Cards</Filter>
    </ClCompile>
    <ClCompile Include="..\ShuffleMage\CardLaser.cpp">
      <Filter>Cards</Filter>
    </ClCompile>
    <ClCompile Include="..\ShuffleMage\CardShockwave.cpp">
      <Filter>Cards</Filter>
    </ClCompile>
    <ClCompile Include="..\ShuffleMage\CardSpears.cpp">
      <Filter>Cards</Filter>
    </ClCompile>
    <ClCompile Include="..\ShuffleMage\CardSwipe.cpp">
      <Filter>Cards</Filter>
    </ClCompile>
    <ClCompile Include="..\ShuffleMage\Activation.cpp">
      <Filter>Activations</Filter>
    </ClCompile>
    <ClCompile Include="..\ShuffleMage\ActLaser.cpp">
      <Filter>Activations</Filter>
    </ClCompile>
    <ClCompile Include="..\ShuffleMage\MsgHealth.cpp">
      <Filter>Messages</Filter>
    </ClCompile>
    <ClCompile Include="..\ShuffleMage\ActBomb.cpp">
      <Filter>Activations</Filter>
    </ClCompile>
    <ClCompile Include="..\ShuffleMage\ActInvis.cpp">
      <Filter>Activations</Filter>
    </ClCompile>
    <ClCompile Include="..\ShuffleMage\ActHeal.cpp">
      <Filter>Activations</Filter>
    </ClCompile>
    <ClCompile Include="..\ShuffleMage\MsgStatus.cpp">
      <Filter>Messages</Filter>
    </ClCompile>
  </ItemGroup>
  <ItemGroup>
    <ClInclude Include="Session.h">
      <Filter>Header Files</Filter>
    </ClInclude>
    <ClInclude Include="..\ShuffleMage\MsgLogin.h">
      <Filter>Messages</Filter>
    </ClInclude>
    <ClInclude Include="..\ShuffleMage\Message.h">
      <Filter>Messages</Filter>
    </ClInclude>
    <ClInclude Include="..\ShuffleMage\MsgResLogin.h">
      <Filter>Messages</Filter>
    </ClInclude>
    <ClInclude Include="..\ShuffleMage\MsgResRegister.h">
      <Filter>Messages</Filter>
    </ClInclude>
    <ClInclude Include="..\ShuffleMage\MsgRegister.h">
      <Filter>Messages</Filter>
    </ClInclude>
    <ClInclude Include="ServerGame.h">
      <Filter>Header Files</Filter>
    </ClInclude>
    <ClInclude Include="MatchQueue.h">
      <Filter>Header Files</Filter>
    </ClInclude>
    <ClInclude Include="ServerConstants.h">
      <Filter>Header Files</Filter>
    </ClInclude>
    <ClInclude Include="..\ShuffleMage\MsgResQueue.h">
      <Filter>Messages</Filter>
    </ClInclude>
    <ClInclude Include="..\ShuffleMage\MsgQueue.h">
      <Filter>Messages</Filter>
    </ClInclude>
    <ClInclude Include="..\ShuffleMage\MsgPosition.h">
      <Filter>Messages</Filter>
    </ClInclude>
    <ClInclude Include="..\ShuffleMage\MsgDraw.h">
      <Filter>Messages</Filter>
    </ClInclude>
    <ClInclude Include="..\ShuffleMage\MsgCard.h">
      <Filter>Messages</Filter>
    </ClInclude>
    <ClInclude Include="..\ShuffleMage\Card.h">
      <Filter>Cards</Filter>
    </ClInclude>
    <ClInclude Include="..\ShuffleMage\CardAreaGrab.h">
      <Filter>Cards</Filter>
    </ClInclude>
    <ClInclude Include="..\ShuffleMage\CardBomb.h">
      <Filter>Cards</Filter>
    </ClInclude>
    <ClInclude Include="..\ShuffleMage\CardBubble.h">
      <Filter>Cards</Filter>
    </ClInclude>
    <ClInclude Include="..\ShuffleMage\CardBullet.h">
      <Filter>Cards</Filter>
    </ClInclude>
    <ClInclude Include="..\ShuffleMage\CardHeal.h">
      <Filter>Cards</Filter>
    </ClInclude>
    <ClInclude Include="..\ShuffleMage\CardInvis.h">
      <Filter>Cards</Filter>
    </ClInclude>
    <ClInclude Include="..\ShuffleMage\CardLaser.h">
      <Filter>Cards</Filter>
    </ClInclude>
    <ClInclude Include="..\ShuffleMage\CardShockwave.h">
      <Filter>Cards</Filter>
    </ClInclude>
    <ClInclude Include="..\ShuffleMage\CardSpears.h">
      <Filter>Cards</Filter>
    </ClInclude>
    <ClInclude Include="..\ShuffleMage\CardSwipe.h">
      <Filter>Cards</Filter>
    </ClInclude>
    <ClInclude Include="..\ShuffleMage\CardTemplate.h">
      <Filter>Cards</Filter>
    </ClInclude>
    <ClInclude Include="..\ShuffleMage\Activation.h">
      <Filter>Activations</Filter>
    </ClInclude>
    <ClInclude Include="..\ShuffleMage\ActLaser.h">
      <Filter>Activations</Filter>
    </ClInclude>
    <ClInclude Include="..\ShuffleMage\MsgHealth.h">
      <Filter>Messages</Filter>
    </ClInclude>
    <ClInclude Include="..\ShuffleMage\ActBomb.h">
      <Filter>Activations</Filter>
    </ClInclude>
    <ClInclude Include="..\ShuffleMage\ActInvis.h">
      <Filter>Activations</Filter>
    </ClInclude>
    <ClInclude Include="..\ShuffleMage\ActHeal.h">
      <Filter>Activations</Filter>
    </ClInclude>
    <ClInclude Include="..\ShuffleMage\MsgStatus.h">
      <Filter>Messages</Filter>
    </ClInclude>
  </ItemGroup>
</Project>